
Microsoft Visual Studio Solution File, Format Version 12.00
# Visual Studio Version 16
VisualStudioVersion = 16.0.29613.14
MinimumVisualStudioVersion = 10.0.40219.1
Project("{FAE04EC0-301F-11D3-BF4B-00C04F79EFBC}") = "Assessment-2-fib-sum", "Assessment-2-fib-sum\Assessment-2-fib-sum.csproj", "{03EBF1B4-28DC-4478-9B87-21C247171662}"
EndProject
Global
	GlobalSection(SolutionConfigurationPlatforms) = preSolution
		Debug|Any CPU = Debug|Any CPU
		Release|Any CPU = Release|Any CPU
	EndGlobalSection
	GlobalSection(ProjectConfigurationPlatforms) = postSolution
		{03EBF1B4-28DC-4478-9B87-21C247171662}.Debug|Any CPU.ActiveCfg = Debug|Any CPU
		{03EBF1B4-28DC-4478-9B87-21C247171662}.Debug|Any CPU.Build.0 = Debug|Any CPU
		{03EBF1B4-28DC-4478-9B87-21C247171662}.Release|Any CPU.ActiveCfg = Release|Any CPU
		{03EBF1B4-28DC-4478-9B87-21C247171662}.Release|Any CPU.Build.0 = Release|Any CPU
	EndGlobalSection
	GlobalSection(SolutionProperties) = preSolution
		HideSolutionNode = FALSE
	EndGlobalSection
	GlobalSection(ExtensibilityGlobals) = postSolution
		SolutionGuid = {F3EF2500-9246-4543-A9D1-05A235A4681E}
	EndGlobalSection
EndGlobal
